PODS:
  - Flutter (1.0.0)
  - flutter_environment_config (0.0.1):
    - Flutter

DEPENDENCIES:
  - Flutter (from `Flutter`)
  - flutter_environment_config (from `.symlinks/plugins/flutter_environment_config/ios`)

EXTERNAL SOURCES:
  Flutter:
    :path: Flutter
  flutter_environment_config:
    :path: ".symlinks/plugins/flutter_environment_config/ios"

SPEC CHECKSUMS:
  Flutter: e0871f40cf51350855a761d2e70bf5af5b9b5de7
  flutter_environment_config: 930aaa399994c9d5fbfe50ee7db7a9e2d0b29953

PODFILE CHECKSUM: 4e8f8b2be68aeea4c0d5beb6ff1e79fface1d048

COCOAPODS: 1.16.2
